
Microsoft Visual Studio Solution File, Format Version 12.00
# Visual Studio Version 17
VisualStudioVersion = 17.11.35222.181
MinimumVisualStudioVersion = 10.0.40219.1
Project("{FAE04EC0-301F-11D3-BF4B-00C04F79EFBC}") = "ConsoleApp1", "ConsoleApp1\ConsoleApp1.csproj", "{EE6F5651-00E9-4545-8109-49B3E671D2FE}"
EndProject
Project("{FAE04EC0-301F-11D3-BF4B-00C04F79EFBC}") = "Task2", "Task2\Task2.csproj", "{61CC97D5-2EEA-42BB-9A64-F6CE5ACC8FC2}"
EndProject
Project("{FAE04EC0-301F-11D3-BF4B-00C04F79EFBC}") = "Task3", "Task3\Task3.csproj", "{A7E5F847-FD81-4571-A003-9D0E41EA329B}"
EndProject
Project("{FAE04EC0-301F-11D3-BF4B-00C04F79EFBC}") = "Task4", "Task4\Task4.csproj", "{2F7E6386-249F-4905-8FB3-29764E11A4A9}"
EndProject
Project("{FAE04EC0-301F-11D3-BF4B-00C04F79EFBC}") = "Task5", "Task5\Task5.csproj", "{677C2E1A-D525-4A30-99FE-8CA9BE87FE15}"
EndProject
Project("{FAE04EC0-301F-11D3-BF4B-00C04F79EFBC}") = "Task6", "Task6\Task6.csproj", "{158F9820-6774-4A78-B06F-1A6F742FE3FB}"
EndProject
Global
	GlobalSection(SolutionConfigurationPlatforms) = preSolution
		Debug|Any CPU = Debug|Any CPU
		Release|Any CPU = Release|Any CPU
	EndGlobalSection
	GlobalSection(ProjectConfigurationPlatforms) = postSolution
		{EE6F5651-00E9-4545-8109-49B3E671D2FE}.Debug|Any CPU.ActiveCfg = Debug|Any CPU
		{EE6F5651-00E9-4545-8109-49B3E671D2FE}.Debug|Any CPU.Build.0 = Debug|Any CPU
		{EE6F5651-00E9-4545-8109-49B3E671D2FE}.Release|Any CPU.ActiveCfg = Release|Any CPU
		{EE6F5651-00E9-4545-8109-49B3E671D2FE}.Release|Any CPU.Build.0 = Release|Any CPU
		{61CC97D5-2EEA-42BB-9A64-F6CE5ACC8FC2}.Debug|Any CPU.ActiveCfg = Debug|Any CPU
		{61CC97D5-2EEA-42BB-9A64-F6CE5ACC8FC2}.Debug|Any CPU.Build.0 = Debug|Any CPU
		{61CC97D5-2EEA-42BB-9A64-F6CE5ACC8FC2}.Release|Any CPU.ActiveCfg = Release|Any CPU
		{61CC97D5-2EEA-42BB-9A64-F6CE5ACC8FC2}.Release|Any CPU.Build.0 = Release|Any CPU
		{A7E5F847-FD81-4571-A003-9D0E41EA329B}.Debug|Any CPU.ActiveCfg = Debug|Any CPU
		{A7E5F847-FD81-4571-A003-9D0E41EA329B}.Debug|Any CPU.Build.0 = Debug|Any CPU
		{A7E5F847-FD81-4571-A003-9D0E41EA329B}.Release|Any CPU.ActiveCfg = Release|Any CPU
		{A7E5F847-FD81-4571-A003-9D0E41EA329B}.Release|Any CPU.Build.0 = Release|Any CPU
		{2F7E6386-249F-4905-8FB3-29764E11A4A9}.Debug|Any CPU.ActiveCfg = Debug|Any CPU
		{2F7E6386-249F-4905-8FB3-29764E11A4A9}.Debug|Any CPU.Build.0 = Debug|Any CPU
		{2F7E6386-249F-4905-8FB3-29764E11A4A9}.Release|Any CPU.ActiveCfg = Release|Any CPU
		{2F7E6386-249F-4905-8FB3-29764E11A4A9}.Release|Any CPU.Build.0 = Release|Any CPU
		{677C2E1A-D525-4A30-99FE-8CA9BE87FE15}.Debug|Any CPU.ActiveCfg = Debug|Any CPU
		{677C2E1A-D525-4A30-99FE-8CA9BE87FE15}.Debug|Any CPU.Build.0 = Debug|Any CPU
		{677C2E1A-D525-4A30-99FE-8CA9BE87FE15}.Release|Any CPU.ActiveCfg = Release|Any CPU
		{677C2E1A-D525-4A30-99FE-8CA9BE87FE15}.Release|Any CPU.Build.0 = Release|Any CPU
		{158F9820-6774-4A78-B06F-1A6F742FE3FB}.Debug|Any CPU.ActiveCfg = Debug|Any CPU
		{158F9820-6774-4A78-B06F-1A6F742FE3FB}.Debug|Any CPU.Build.0 = Debug|Any CPU
		{158F9820-6774-4A78-B06F-1A6F742FE3FB}.Release|Any CPU.ActiveCfg = Release|Any CPU
		{158F9820-6774-4A78-B06F-1A6F742FE3FB}.Release|Any CPU.Build.0 = Release|Any CPU
	EndGlobalSection
	GlobalSection(SolutionProperties) = preSolution
		HideSolutionNode = FALSE
	EndGlobalSection
	GlobalSection(ExtensibilityGlobals) = postSolution
		SolutionGuid = {8098B56B-15C2-4E17-A6DE-65DE322A4910}
	EndGlobalSection
EndGlobal
