
Microsoft Visual Studio Solution File, Format Version 12.00
# Visual Studio Version 17
VisualStudioVersion = 17.11.35222.181
MinimumVisualStudioVersion = 10.0.40219.1
Project("{FAE04EC0-301F-11D3-BF4B-00C04F79EFBC}") = "ConsoleApp1", "ConsoleApp1\ConsoleApp1.csproj", "{B73D4CAE-86C7-4E9F-BC1E-8BE226B4D8E7}"
EndProject
Global
	GlobalSection(SolutionConfigurationPlatforms) = preSolution
		Debug|Any CPU = Debug|Any CPU
		Release|Any CPU = Release|Any CPU
	EndGlobalSection
	GlobalSection(ProjectConfigurationPlatforms) = postSolution
		{B73D4CAE-86C7-4E9F-BC1E-8BE226B4D8E7}.Debug|Any CPU.ActiveCfg = Debug|Any CPU
		{B73D4CAE-86C7-4E9F-BC1E-8BE226B4D8E7}.Debug|Any CPU.Build.0 = Debug|Any CPU
		{B73D4CAE-86C7-4E9F-BC1E-8BE226B4D8E7}.Release|Any CPU.ActiveCfg = Release|Any CPU
		{B73D4CAE-86C7-4E9F-BC1E-8BE226B4D8E7}.Release|Any CPU.Build.0 = Release|Any CPU
	EndGlobalSection
	GlobalSection(SolutionProperties) = preSolution
		HideSolutionNode = FALSE
	EndGlobalSection
	GlobalSection(ExtensibilityGlobals) = postSolution
		SolutionGuid = {1599B8F7-3551-405C-9EFC-F74705D2C07B}
	EndGlobalSection
EndGlobal
